
Microsoft Visual Studio Solution File, Format Version 12.00
# Visual Studio Version 17
VisualStudioVersion = 17.6.33829.357
MinimumVisualStudioVersion = 10.0.40219.1
Project("{FAE04EC0-301F-11D3-BF4B-00C04F79EFBC}") = "LEAP", "LEAP\LEAP.csproj", "{98AE1335-CD05-40AF-98AC-C079BDF4C5E7}"
EndProject
Project("{FAE04EC0-301F-11D3-BF4B-00C04F79EFBC}") = "TestProject1", "TestProject1\TestProject1.csproj", "{14BB907A-0A59-486A-A366-7F5F627D9EA8}"
EndProject
Global
	GlobalSection(SolutionConfigurationPlatforms) = preSolution
		Debug|Any CPU = Debug|Any CPU
		Release|Any CPU = Release|Any CPU
	EndGlobalSection
	GlobalSection(ProjectConfigurationPlatforms) = postSolution
		{98AE1335-CD05-40AF-98AC-C079BDF4C5E7}.Debug|Any CPU.ActiveCfg = Debug|Any CPU
		{98AE1335-CD05-40AF-98AC-C079BDF4C5E7}.Debug|Any CPU.Build.0 = Debug|Any CPU
		{98AE1335-CD05-40AF-98AC-C079BDF4C5E7}.Release|Any CPU.ActiveCfg = Release|Any CPU
		{98AE1335-CD05-40AF-98AC-C079BDF4C5E7}.Release|Any CPU.Build.0 = Release|Any CPU
		{14BB907A-0A59-486A-A366-7F5F627D9EA8}.Debug|Any CPU.ActiveCfg = Debug|Any CPU
		{14BB907A-0A59-486A-A366-7F5F627D9EA8}.Debug|Any CPU.Build.0 = Debug|Any CPU
		{14BB907A-0A59-486A-A366-7F5F627D9EA8}.Release|Any CPU.ActiveCfg = Release|Any CPU
		{14BB907A-0A59-486A-A366-7F5F627D9EA8}.Release|Any CPU.Build.0 = Release|Any CPU
	EndGlobalSection
	GlobalSection(SolutionProperties) = preSolution
		HideSolutionNode = FALSE
	EndGlobalSection
	GlobalSection(ExtensibilityGlobals) = postSolution
		SolutionGuid = {A39E4C81-AFE6-47CE-ABCA-263B3D99940A}
	EndGlobalSection
EndGlobal
